
Microsoft Visual Studio Solution File, Format Version 12.00
# Visual Studio 14
VisualStudioVersion = 14.0.25420.1
MinimumVisualStudioVersion = 10.0.40219.1
Project("{FAE04EC0-301F-11D3-BF4B-00C04F79EFBC}") = "Merritt Coil App", "Merritt Coil App\Merritt Coil App.csproj", "{2CCCE0F4-BBB8-4E36-AE2D-44CCC75F0274}"
EndProject
Global
	GlobalSection(SolutionConfigurationPlatforms) = preSolution
		Debug|Any CPU = Debug|Any CPU
		Release|Any CPU = Release|Any CPU
	EndGlobalSection
	GlobalSection(ProjectConfigurationPlatforms) = postSolution
		{2CCCE0F4-BBB8-4E36-AE2D-44CCC75F0274}.Debug|Any CPU.ActiveCfg = Debug|Any CPU
		{2CCCE0F4-BBB8-4E36-AE2D-44CCC75F0274}.Debug|Any CPU.Build.0 = Debug|Any CPU
		{2CCCE0F4-BBB8-4E36-AE2D-44CCC75F0274}.Release|Any CPU.ActiveCfg = Release|Any CPU
		{2CCCE0F4-BBB8-4E36-AE2D-44CCC75F0274}.Release|Any CPU.Build.0 = Release|Any CPU
	EndGlobalSection
	GlobalSection(SolutionProperties) = preSolution
		HideSolutionNode = FALSE
	EndGlobalSection
EndGlobal
